
Microsoft Visual Studio Solution File, Format Version 12.00
# Visual Studio Version 17
VisualStudioVersion = 17.0.31903.59
MinimumVisualStudioVersion = 10.0.40219.1
Project("{FAE04EC0-301F-11D3-BF4B-00C04F79EFBC}") = "AspireIssue.AppHost", "src\AspireIssues.AppHost\AspireIssue.AppHost.csproj", "{C0B39441-17B4-4F91-8BDA-066DC5F687F6}"
EndProject
Project("{FAE04EC0-301F-11D3-BF4B-00C04F79EFBC}") = "WebApplication1", "src\WebApplication1\WebApplication1.csproj", "{B28D9596-798A-4C4E-9FDC-A5A4547B735B}"
EndProject
Global
	GlobalSection(SolutionConfigurationPlatforms) = preSolution
		Debug|Any CPU = Debug|Any CPU
		Release|Any CPU = Release|Any CPU
	EndGlobalSection
	GlobalSection(SolutionProperties) = preSolution
		HideSolutionNode = FALSE
	EndGlobalSection
	GlobalSection(ProjectConfigurationPlatforms) = postSolution
		{C0B39441-17B4-4F91-8BDA-066DC5F687F6}.Debug|Any CPU.ActiveCfg = Debug|Any CPU
		{C0B39441-17B4-4F91-8BDA-066DC5F687F6}.Debug|Any CPU.Build.0 = Debug|Any CPU
		{C0B39441-17B4-4F91-8BDA-066DC5F687F6}.Release|Any CPU.ActiveCfg = Release|Any CPU
		{C0B39441-17B4-4F91-8BDA-066DC5F687F6}.Release|Any CPU.Build.0 = Release|Any CPU
		{B28D9596-798A-4C4E-9FDC-A5A4547B735B}.Debug|Any CPU.ActiveCfg = Debug|Any CPU
		{B28D9596-798A-4C4E-9FDC-A5A4547B735B}.Debug|Any CPU.Build.0 = Debug|Any CPU
		{B28D9596-798A-4C4E-9FDC-A5A4547B735B}.Release|Any CPU.ActiveCfg = Release|Any CPU
		{B28D9596-798A-4C4E-9FDC-A5A4547B735B}.Release|Any CPU.Build.0 = Release|Any CPU
	EndGlobalSection
EndGlobal
